
Microsoft Visual Studio Solution File, Format Version 12.00
# Visual Studio 15
VisualStudioVersion = 15.0.27130.2036
MinimumVisualStudioVersion = 10.0.40219.1
Project("{9A19103F-16F7-4668-BE54-9A1E7A4F7556}") = "TicTacToe", "TicTacToe\TicTacToe.csproj", "{505D8F32-2C90-40AF-9CD3-3CE0D37AFDE1}"
EndProject
Project("{2150E333-8FDC-42A3-9474-1A3956D46DE8}") = "01Week", "01Week", "{372AB776-1D08-4F81-88E7-63ACFD613AAF}"
EndProject
Project("{2150E333-8FDC-42A3-9474-1A3956D46DE8}") = "02Week", "02Week", "{267CB7A9-12AA-4B1E-BB7D-2A7874AD03A0}"
EndProject
Project("{2150E333-8FDC-42A3-9474-1A3956D46DE8}") = "03Week", "03Week", "{63B72508-5C77-4835-8402-13D0BA194DB7}"
EndProject
Project("{9A19103F-16F7-4668-BE54-9A1E7A4F7556}") = "RockPaperScissors", "RockPaperScissors\RockPaperScissors.csproj", "{071B5AC2-0AE6-40D9-8749-76EAA87F0DB3}"
EndProject
Project("{9A19103F-16F7-4668-BE54-9A1E7A4F7556}") = "Mastermind", "Mastermind\Mastermind.csproj", "{2F4559A8-6C2E-464A-93D7-FCEBAC49C4D2}"
EndProject
Project("{2150E333-8FDC-42A3-9474-1A3956D46DE8}") = "04Week", "04Week", "{B0F76BE5-6AD6-470A-B301-3BB93A1DA498}"
EndProject
Project("{9A19103F-16F7-4668-BE54-9A1E7A4F7556}") = "TowersOfHanoi", "TowersOfHanoi\TowersOfHanoi.csproj", "{1AEED4AE-3822-40D6-974E-038A69207CA9}"
EndProject
Project("{9A19103F-16F7-4668-BE54-9A1E7A4F7556}") = "Timer", "Timer\Timer.csproj", "{22486AFA-5896-4F0F-8097-45626A6D2C4D}"
EndProject
Project("{2150E333-8FDC-42A3-9474-1A3956D46DE8}") = "05Week", "05Week", "{2E81D303-3CBA-4DE3-A915-6B5BE40074CD}"
EndProject
Project("{9A19103F-16F7-4668-BE54-9A1E7A4F7556}") = "Checkers", "Checkers\Checkers.csproj", "{184797AB-3BBD-4DD9-9BEE-4FFC28127BC4}"
EndProject
Project("{FAE04EC0-301F-11D3-BF4B-00C04F79EFBC}") = "BlogPost", "BlogPost\BlogPost.csproj", "{F9269CAC-2911-469B-AC67-D184FB7BB1EC}"
EndProject
Global
	GlobalSection(SolutionConfigurationPlatforms) = preSolution
		Debug|Any CPU = Debug|Any CPU
		Release|Any CPU = Release|Any CPU
	EndGlobalSection
	GlobalSection(ProjectConfigurationPlatforms) = postSolution
		{505D8F32-2C90-40AF-9CD3-3CE0D37AFDE1}.Debug|Any CPU.ActiveCfg = Debug|Any CPU
		{505D8F32-2C90-40AF-9CD3-3CE0D37AFDE1}.Debug|Any CPU.Build.0 = Debug|Any CPU
		{505D8F32-2C90-40AF-9CD3-3CE0D37AFDE1}.Release|Any CPU.ActiveCfg = Release|Any CPU
		{505D8F32-2C90-40AF-9CD3-3CE0D37AFDE1}.Release|Any CPU.Build.0 = Release|Any CPU
		{071B5AC2-0AE6-40D9-8749-76EAA87F0DB3}.Debug|Any CPU.ActiveCfg = Debug|Any CPU
		{071B5AC2-0AE6-40D9-8749-76EAA87F0DB3}.Debug|Any CPU.Build.0 = Debug|Any CPU
		{071B5AC2-0AE6-40D9-8749-76EAA87F0DB3}.Release|Any CPU.ActiveCfg = Release|Any CPU
		{071B5AC2-0AE6-40D9-8749-76EAA87F0DB3}.Release|Any CPU.Build.0 = Release|Any CPU
		{2F4559A8-6C2E-464A-93D7-FCEBAC49C4D2}.Debug|Any CPU.ActiveCfg = Debug|Any CPU
		{2F4559A8-6C2E-464A-93D7-FCEBAC49C4D2}.Debug|Any CPU.Build.0 = Debug|Any CPU
		{2F4559A8-6C2E-464A-93D7-FCEBAC49C4D2}.Release|Any CPU.ActiveCfg = Release|Any CPU
		{2F4559A8-6C2E-464A-93D7-FCEBAC49C4D2}.Release|Any CPU.Build.0 = Release|Any CPU
		{1AEED4AE-3822-40D6-974E-038A69207CA9}.Debug|Any CPU.ActiveCfg = Debug|Any CPU
		{1AEED4AE-3822-40D6-974E-038A69207CA9}.Debug|Any CPU.Build.0 = Debug|Any CPU
		{1AEED4AE-3822-40D6-974E-038A69207CA9}.Release|Any CPU.ActiveCfg = Release|Any CPU
		{1AEED4AE-3822-40D6-974E-038A69207CA9}.Release|Any CPU.Build.0 = Release|Any CPU
		{22486AFA-5896-4F0F-8097-45626A6D2C4D}.Debug|Any CPU.ActiveCfg = Debug|Any CPU
		{22486AFA-5896-4F0F-8097-45626A6D2C4D}.Debug|Any CPU.Build.0 = Debug|Any CPU
		{22486AFA-5896-4F0F-8097-45626A6D2C4D}.Release|Any CPU.ActiveCfg = Release|Any CPU
		{22486AFA-5896-4F0F-8097-45626A6D2C4D}.Release|Any CPU.Build.0 = Release|Any CPU
		{184797AB-3BBD-4DD9-9BEE-4FFC28127BC4}.Debug|Any CPU.ActiveCfg = Debug|Any CPU
		{184797AB-3BBD-4DD9-9BEE-4FFC28127BC4}.Debug|Any CPU.Build.0 = Debug|Any CPU
		{184797AB-3BBD-4DD9-9BEE-4FFC28127BC4}.Release|Any CPU.ActiveCfg = Release|Any CPU
		{184797AB-3BBD-4DD9-9BEE-4FFC28127BC4}.Release|Any CPU.Build.0 = Release|Any CPU
		{F9269CAC-2911-469B-AC67-D184FB7BB1EC}.Debug|Any CPU.ActiveCfg = Debug|Any CPU
		{F9269CAC-2911-469B-AC67-D184FB7BB1EC}.Debug|Any CPU.Build.0 = Debug|Any CPU
		{F9269CAC-2911-469B-AC67-D184FB7BB1EC}.Release|Any CPU.ActiveCfg = Release|Any CPU
		{F9269CAC-2911-469B-AC67-D184FB7BB1EC}.Release|Any CPU.Build.0 = Release|Any CPU
	EndGlobalSection
	GlobalSection(SolutionProperties) = preSolution
		HideSolutionNode = FALSE
	EndGlobalSection
	GlobalSection(NestedProjects) = preSolution
		{505D8F32-2C90-40AF-9CD3-3CE0D37AFDE1} = {267CB7A9-12AA-4B1E-BB7D-2A7874AD03A0}
		{071B5AC2-0AE6-40D9-8749-76EAA87F0DB3} = {63B72508-5C77-4835-8402-13D0BA194DB7}
		{2F4559A8-6C2E-464A-93D7-FCEBAC49C4D2} = {63B72508-5C77-4835-8402-13D0BA194DB7}
		{1AEED4AE-3822-40D6-974E-038A69207CA9} = {B0F76BE5-6AD6-470A-B301-3BB93A1DA498}
		{22486AFA-5896-4F0F-8097-45626A6D2C4D} = {B0F76BE5-6AD6-470A-B301-3BB93A1DA498}
		{184797AB-3BBD-4DD9-9BEE-4FFC28127BC4} = {2E81D303-3CBA-4DE3-A915-6B5BE40074CD}
		{F9269CAC-2911-469B-AC67-D184FB7BB1EC} = {2E81D303-3CBA-4DE3-A915-6B5BE40074CD}
	EndGlobalSection
	GlobalSection(ExtensibilityGlobals) = postSolution
		SolutionGuid = {71F622F6-91B0-481E-9891-0255F8804206}
	EndGlobalSection
EndGlobal
